# This file is automatically @generated by Poetry 1.8.2 and should not be changed by hand.

[[package]]
name = "art"
version = "6.5"
description = "ASCII Art Library For Python"
optional = false
python-versions = ">=3.6"
files = [
    {file = "art-6.5-py3-none-any.whl", hash = "sha256:70706408144c45c666caab690627d5c74aea7b6c7ce8cc968408ddeef8d84afd"},
    {file = "art-6.5.tar.gz", hash = "sha256:a98d77b42c278697ec6cf4b5bdcdfd997f6b2425332da078d4e31e31377d1844"},
]

[package.extras]
dev = ["bandit (>=1.5.1)", "coverage (>=4.1)", "pydocstyle (>=3.0.0)", "vulture (>=1.0)"]

[metadata]
lock-version = "2.0"
python-versions = "^3.11"
content-hash = "e0a36e5e7940f24a326dab0a39501c34775f43f59dfb3780f6ba612898db851f"
